// !$*UTF8*$!
{
	archiveVersion = 1;
	classes = {
	};
	objectVersion = 50;
	objects = {

/* Begin PBXBuildFile section */
		C80640B125748B2000BB343D /* ScoreTableViewController.m in Sources */ = {isa = PBXBuildFile; fileRef = C80640B025748B2000BB343D /* ScoreTableViewController.m */; };
		C80640B82574907400BB343D /* ScoreTableViewCell.m in Sources */ = {isa = PBXBuildFile; fileRef = C80640B72574907400BB343D /* ScoreTableViewCell.m */; };
		C8C6AD542570A66400895292 /* AppDelegate.m in Sources */ = {isa = PBXBuildFile; fileRef = C8C6AD532570A66400895292 /* AppDelegate.m */; };
		C8C6AD572570A66400895292 /* SceneDelegate.m in Sources */ = {isa = PBXBuildFile; fileRef = C8C6AD562570A66400895292 /* SceneDelegate.m */; };
		C8C6AD5A2570A66400895292 /* ViewController.m in Sources */ = {isa = PBXBuildFile; fileRef = C8C6AD592570A66400895292 /* ViewController.m */; };
		C8C6AD5D2570A66400895292 /* Main.storyboard in Resources */ = {isa = PBXBuildFile; fileRef = C8C6AD5B2570A66400895292 /* Main.storyboard */; };
		C8C6AD5F2570A66600895292 /* Assets.xcassets in Resources */ = {isa = PBXBuildFile; fileRef = C8C6AD5E2570A66600895292 /* Assets.xcassets */; };
		C8C6AD622570A66600895292 /* LaunchScreen.storyboard in Resources */ = {isa = PBXBuildFile; fileRef = C8C6AD602570A66600895292 /* LaunchScreen.storyboard */; };
		C8C6AD652570A66600895292 /* main.m in Sources */ = {isa = PBXBuildFile; fileRef = C8C6AD642570A66600895292 /* main.m */; };
		C8C6AD722570A7FE00895292 /* Matching.m in Sources */ = {isa = PBXBuildFile; fileRef = C8C6AD712570A7FE00895292 /* Matching.m */; };
/* End PBXBuildFile section */

/* Begin PBXFileReference section */
		C80640AF25748B2000BB343D /* ScoreTableViewController.h */ = {isa = PBXFileReference; lastKnownFileType = sourcecode.c.h; path = ScoreTableViewController.h; sourceTree = "<group>"; };
		C80640B025748B2000BB343D /* ScoreTableViewController.m */ = {isa = PBXFileReference; lastKnownFileType = sourcecode.c.objc; path = ScoreTableViewController.m; sourceTree = "<group>"; };
		C80640B62574907400BB343D /* ScoreTableViewCell.h */ = {isa = PBXFileReference; lastKnownFileType = sourcecode.c.h; path = ScoreTableViewCell.h; sourceTree = "<group>"; };
		C80640B72574907400BB343D /* ScoreTableViewCell.m */ = {isa = PBXFileReference; lastKnownFileType = sourcecode.c.objc; path = ScoreTableViewCell.m; sourceTree = "<group>"; };
		C8C6AD4F2570A66400895292 /* ColorMatching.app */ = {isa = PBXFileReference; explicitFileType = wrapper.application; includeInIndex = 0; path = ColorMatching.app; sourceTree = BUILT_PRODUCTS_DIR; };
		C8C6AD522570A66400895292 /* AppDelegate.h */ = {isa = PBXFileReference; lastKnownFileType = sourcecode.c.h; path = AppDelegate.h; sourceTree = "<group>"; };
		C8C6AD532570A66400895292 /* AppDelegate.m */ = {isa = PBXFileReference; lastKnownFileType = sourcecode.c.objc; path = AppDelegate.m; sourceTree = "<group>"; };
		C8C6AD552570A66400895292 /* SceneDelegate.h */ = {isa = PBXFileReference; lastKnownFileType = sourcecode.c.h; path = SceneDelegate.h; sourceTree = "<group>"; };
		C8C6AD562570A66400895292 /* SceneDelegate.m */ = {isa = PBXFileReference; lastKnownFileType = sourcecode.c.objc; path = SceneDelegate.m; sourceTree = "<group>"; };
		C8C6AD582570A66400895292 /* ViewController.h */ = {isa = PBXFileReference; lastKnownFileType = sourcecode.c.h; path = ViewController.h; sourceTree = "<group>"; };
		C8C6AD592570A66400895292 /* ViewController.m */ = {isa = PBXFileReference; lastKnownFileType = sourcecode.c.objc; path = ViewController.m; sourceTree = "<group>"; };
		C8C6AD5C2570A66400895292 /* Base */ = {isa = PBXFileReference; lastKnownFileType = file.storyboard; name = Base; path = Base.lproj/Main.storyboard; sourceTree = "<group>"; };
		C8C6AD5E2570A66600895292 /* Assets.xcassets */ = {isa = PBXFileReference; lastKnownFileType = folder.assetcatalog; path = Assets.xcassets; sourceTree = "<group>"; };
		C8C6AD612570A66600895292 /* Base */ = {isa = PBXFileReference; lastKnownFileType = file.storyboard; name = Base; path = Base.lproj/LaunchScreen.storyboard; sourceTree = "<group>"; };
		C8C6AD632570A66600895292 /* Info.plist */ = {isa = PBXFileReference; lastKnownFileType = text.plist.xml; path = Info.plist; sourceTree = "<group>"; };
		C8C6AD642570A66600895292 /* main.m */ = {isa = PBXFileReference; lastKnownFileType = sourcecode.c.objc; path = main.m; sourceTree = "<group>"; };
		C8C6AD702570A7FE00895292 /* Matching.h */ = {isa = PBXFileReference; lastKnownFileType = sourcecode.c.h; path = Matching.h; sourceTree = "<group>"; };
		C8C6AD712570A7FE00895292 /* Matching.m */ = {isa = PBXFileReference; lastKnownFileType = sourcecode.c.objc; path = Matching.m; sourceTree = "<group>"; };
/* End PBXFileReference section */

/* Begin PBXFrameworksBuildPhase section */
		C8C6AD4C2570A66400895292 /* Frameworks */ = {
			isa = PBXFrameworksBuildPhase;
			buildActionMask = 2147483647;
			files = (
			);
			runOnlyForDeploymentPostprocessing = 0;
		};
/* End PBXFrameworksBuildPhase section */

/* Begin PBXGroup section */
		C8C6AD462570A66400895292 = {
			isa = PBXGroup;
			children = (
				C8C6AD512570A66400895292 /* ColorMatching */,
				C8C6AD502570A66400895292 /* Products */,
			);
			sourceTree = "<group>";
		};
		C8C6AD502570A66400895292 /* Products */ = {
			isa = PBXGroup;
			children = (
				C8C6AD4F2570A66400895292 /* ColorMatching.app */,
			);
			name = Products;
			sourceTree = "<group>";
		};
		C8C6AD512570A66400895292 /* ColorMatching */ = {
			isa = PBXGroup;
			children = (
				C8C6AD6F2570A7D300895292 /* Matching */,
				C8C6AD6E2570A71700895292 /* Main */,
				C8C6AD6C2570A6C700895292 /* App */,
				C8C6AD6D2570A6E900895292 /* Assets */,
			);
			path = ColorMatching;
			sourceTree = "<group>";
		};
		C8C6AD6C2570A6C700895292 /* App */ = {
			isa = PBXGroup;
			children = (
				C8C6AD522570A66400895292 /* AppDelegate.h */,
				C8C6AD532570A66400895292 /* AppDelegate.m */,
				C8C6AD552570A66400895292 /* SceneDelegate.h */,
				C8C6AD562570A66400895292 /* SceneDelegate.m */,
				C8C6AD632570A66600895292 /* Info.plist */,
				C8C6AD642570A66600895292 /* main.m */,
			);
			path = App;
			sourceTree = "<group>";
		};
		C8C6AD6D2570A6E900895292 /* Assets */ = {
			isa = PBXGroup;
			children = (
				C8C6AD5E2570A66600895292 /* Assets.xcassets */,
				C8C6AD602570A66600895292 /* LaunchScreen.storyboard */,
			);
			path = Assets;
			sourceTree = "<group>";
		};
		C8C6AD6E2570A71700895292 /* Main */ = {
			isa = PBXGroup;
			children = (
				C8C6AD582570A66400895292 /* ViewController.h */,
				C8C6AD592570A66400895292 /* ViewController.m */,
				C8C6AD5B2570A66400895292 /* Main.storyboard */,
				C80640AF25748B2000BB343D /* ScoreTableViewController.h */,
				C80640B025748B2000BB343D /* ScoreTableViewController.m */,
				C80640B62574907400BB343D /* ScoreTableViewCell.h */,
				C80640B72574907400BB343D /* ScoreTableViewCell.m */,
			);
			path = Main;
			sourceTree = "<group>";
		};
		C8C6AD6F2570A7D300895292 /* Matching */ = {
			isa = PBXGroup;
			children = (
				C8C6AD702570A7FE00895292 /* Matching.h */,
				C8C6AD712570A7FE00895292 /* Matching.m */,
			);
			path = Matching;
			sourceTree = "<group>";
		};
/* End PBXGroup section */

/* Begin PBXNativeTarget section */
		C8C6AD4E2570A66400895292 /* ColorMatching */ = {
			isa = PBXNativeTarget;
			buildConfigurationList = C8C6AD682570A66600895292 /* Build configuration list for PBXNativeTarget "ColorMatching" */;
			buildPhases = (
				C8C6AD4B2570A66400895292 /* Sources */,
				C8C6AD4C2570A66400895292 /* Frameworks */,
				C8C6AD4D2570A66400895292 /* Resources */,
			);
			buildRules = (
			);
			dependencies = (
			);
			name = ColorMatching;
			productName = ColorMatching;
			productReference = C8C6AD4F2570A66400895292 /* ColorMatching.app */;
			productType = "com.apple.product-type.application";
		};
/* End PBXNativeTarget section */

/* Begin PBXProject section */
		C8C6AD472570A66400895292 /* Project object */ = {
			isa = PBXProject;
			attributes = {
				LastUpgradeCheck = 1220;
				TargetAttributes = {
					C8C6AD4E2570A66400895292 = {
						CreatedOnToolsVersion = 12.2;
					};
				};
			};
			buildConfigurationList = C8C6AD4A2570A66400895292 /* Build configuration list for PBXProject "ColorMatching" */;
			compatibilityVersion = "Xcode 9.3";
			developmentRegion = en;
			hasScannedForEncodings = 0;
			knownRegions = (
				en,
				Base,
			);
			mainGroup = C8C6AD462570A66400895292;
			productRefGroup = C8C6AD502570A66400895292 /* Products */;
			projectDirPath = "";
			projectRoot = "";
			targets = (
				C8C6AD4E2570A66400895292 /* ColorMatching */,
			);
		};
/* End PBXProject section */

/* Begin PBXResourcesBuildPhase section */
		C8C6AD4D2570A66400895292 /* Resources */ = {
			isa = PBXResourcesBuildPhase;
			buildActionMask = 2147483647;
			files = (
				C8C6AD622570A66600895292 /* LaunchScreen.storyboard in Resources */,
				C8C6AD5F2570A66600895292 /* Assets.xcassets in Resources */,
				C8C6AD5D2570A66400895292 /* Main.storyboard in Resources */,
			);
			runOnlyForDeploymentPostprocessing = 0;
		};
/* End PBXResourcesBuildPhase section */

/* Begin PBXSourcesBuildPhase section */
		C8C6AD4B2570A66400895292 /* Sources */ = {
			isa = PBXSourcesBuildPhase;
			buildActionMask = 2147483647;
			files = (
				C80640B82574907400BB343D /* ScoreTableViewCell.m in Sources */,
				C8C6AD5A2570A66400895292 /* ViewController.m in Sources */,
				C8C6AD542570A66400895292 /* AppDelegate.m in Sources */,
				C8C6AD652570A66600895292 /* main.m in Sources */,
				C8C6AD572570A66400895292 /* SceneDelegate.m in Sources */,
				C80640B125748B2000BB343D /* ScoreTableViewController.m in Sources */,
				C8C6AD722570A7FE00895292 /* Matching.m in Sources */,
			);
			runOnlyForDeploymentPostprocessing = 0;
		};
/* End PBXSourcesBuildPhase section */

/* Begin PBXVariantGroup section */
		C8C6AD5B2570A66400895292 /* Main.storyboard */ = {
			isa = PBXVariantGroup;
			children = (
				C8C6AD5C2570A66400895292 /* Base */,
			);
			name = Main.storyboard;
			sourceTree = "<group>";
		};
		C8C6AD602570A66600895292 /* LaunchScreen.storyboard */ = {
			isa = PBXVariantGroup;
			children = (
				C8C6AD612570A66600895292 /* Base */,
			);
			name = LaunchScreen.storyboard;
			sourceTree = "<group>";
		};
/* End PBXVariantGroup section */

/* Begin XCBuildConfiguration section */
		C8C6AD662570A66600895292 /* Debug */ = {
			isa = XCBuildConfiguration;
			buildSettings = {
				ALWAYS_SEARCH_USER_PATHS = NO;
				CLANG_ANALYZER_NONNULL = YES;
				CLANG_ANALYZER_NUMBER_OBJECT_CONVERSION = YES_AGGRESSIVE;
				CLANG_CXX_LANGUAGE_STANDARD = "gnu++14";
				CLANG_CXX_LIBRARY = "libc++";
				CLANG_ENABLE_MODULES = YES;
				CLANG_ENABLE_OBJC_ARC = YES;
				CLANG_ENABLE_OBJC_WEAK = YES;
				CLANG_WARN_BLOCK_CAPTURE_AUTORELEASING = YES;
				CLANG_WARN_BOOL_CONVERSION = YES;
				CLANG_WARN_COMMA = YES;
				CLANG_WARN_CONSTANT_CONVERSION = YES;
				CLANG_WARN_DEPRECATED_OBJC_IMPLEMENTATIONS = YES;
				CLANG_WARN_DIRECT_OBJC_ISA_USAGE = YES_ERROR;
				CLANG_WARN_DOCUMENTATION_COMMENTS = YES;
				CLANG_WARN_EMPTY_BODY = YES;
				CLANG_WARN_ENUM_CONVERSION = YES;
				CLANG_WARN_INFINITE_RECURSION = YES;
				CLANG_WARN_INT_CONVERSION = YES;
				CLANG_WARN_NON_LITERAL_NULL_CONVERSION = YES;
				CLANG_WARN_OBJC_IMPLICIT_RETAIN_SELF = YES;
				CLANG_WARN_OBJC_LITERAL_CONVERSION = YES;
				CLANG_WARN_OBJC_ROOT_CLASS = YES_ERROR;
				CLANG_WARN_QUOTED_INCLUDE_IN_FRAMEWORK_HEADER = YES;
				CLANG_WARN_RANGE_LOOP_ANALYSIS = YES;
				CLANG_WARN_STRICT_PROTOTYPES = YES;
				CLANG_WARN_SUSPICIOUS_MOVE = YES;
				CLANG_WARN_UNGUARDED_AVAILABILITY = YES_AGGRESSIVE;
				CLANG_WARN_UNREACHABLE_CODE = YES;
				CLANG_WARN__DUPLICATE_METHOD_MATCH = YES;
				COPY_PHASE_STRIP = NO;
				DEBUG_INFORMATION_FORMAT = dwarf;
				ENABLE_STRICT_OBJC_MSGSEND = YES;
				ENABLE_TESTABILITY = YES;
				GCC_C_LANGUAGE_STANDARD = gnu11;
				GCC_DYNAMIC_NO_PIC = NO;
				GCC_NO_COMMON_BLOCKS = YES;
				GCC_OPTIMIZATION_LEVEL = 0;
				GCC_PREPROCESSOR_DEFINITIONS = (
					"DEBUG=1",
					"$(inherited)",
				);
				GCC_WARN_64_TO_32_BIT_CONVERSION = YES;
				GCC_WARN_ABOUT_RETURN_TYPE = YES_ERROR;
				GCC_WARN_UNDECLARED_SELECTOR = YES;
				GCC_WARN_UNINITIALIZED_AUTOS = YES_AGGRESSIVE;
				GCC_WARN_UNUSED_FUNCTION = YES;
				GCC_WARN_UNUSED_VARIABLE = YES;
				IPHONEOS_DEPLOYMENT_TARGET = 14.2;
				MTL_ENABLE_DEBUG_INFO = INCLUDE_SOURCE;
				MTL_FAST_MATH = YES;
				ONLY_ACTIVE_ARCH = YES;
				SDKROOT = iphoneos;
			};
			name = Debug;
		};
		C8C6AD672570A66600895292 /* Release */ = {
			isa = XCBuildConfiguration;
			buildSettings = {
				ALWAYS_SEARCH_USER_PATHS = NO;
				CLANG_ANALYZER_NONNULL = YES;
				CLANG_ANALYZER_NUMBER_OBJECT_CONVERSION = YES_AGGRESSIVE;
				CLANG_CXX_LANGUAGE_STANDARD = "gnu++14";
				CLANG_CXX_LIBRARY = "libc++";
				CLANG_ENABLE_MODULES = YES;
				CLANG_ENABLE_OBJC_ARC = YES;
				CLANG_ENABLE_OBJC_WEAK = YES;
				CLANG_WARN_BLOCK_CAPTURE_AUTORELEASING = YES;
				CLANG_WARN_BOOL_CONVERSION = YES;
				CLANG_WARN_COMMA = YES;
				CLANG_WARN_CONSTANT_CONVERSION = YES;
				CLANG_WARN_DEPRECATED_OBJC_IMPLEMENTATIONS = YES;
				CLANG_WARN_DIRECT_OBJC_ISA_USAGE = YES_ERROR;
				CLANG_WARN_DOCUMENTATION_COMMENTS = YES;
				CLANG_WARN_EMPTY_BODY = YES;
				CLANG_WARN_ENUM_CONVERSION = YES;
				CLANG_WARN_INFINITE_RECURSION = YES;
				CLANG_WARN_INT_CONVERSION = YES;
				CLANG_WARN_NON_LITERAL_NULL_CONVERSION = YES;
				CLANG_WARN_OBJC_IMPLICIT_RETAIN_SELF = YES;
				CLANG_WARN_OBJC_LITERAL_CONVERSION = YES;
				CLANG_WARN_OBJC_ROOT_CLASS = YES_ERROR;
				CLANG_WARN_QUOTED_INCLUDE_IN_FRAMEWORK_HEADER = YES;
				CLANG_WARN_RANGE_LOOP_ANALYSIS = YES;
				CLANG_WARN_STRICT_PROTOTYPES = YES;
				CLANG_WARN_SUSPICIOUS_MOVE = YES;
				CLANG_WARN_UNGUARDED_AVAILABILITY = YES_AGGRESSIVE;
				CLANG_WARN_UNREACHABLE_CODE = YES;
				CLANG_WARN__DUPLICATE_METHOD_MATCH = YES;
				COPY_PHASE_STRIP = NO;
				DEBUG_INFORMATION_FORMAT = "dwarf-with-dsym";
				ENABLE_NS_ASSERTIONS = NO;
				ENABLE_STRICT_OBJC_MSGSEND = YES;
				GCC_C_LANGUAGE_STANDARD = gnu11;
				GCC_NO_COMMON_BLOCKS = YES;
				GCC_WARN_64_TO_32_BIT_CONVERSION = YES;
				GCC_WARN_ABOUT_RETURN_TYPE = YES_ERROR;
				GCC_WARN_UNDECLARED_SELECTOR = YES;
				GCC_WARN_UNINITIALIZED_AUTOS = YES_AGGRESSIVE;
				GCC_WARN_UNUSED_FUNCTION = YES;
				GCC_WARN_UNUSED_VARIABLE = YES;
				IPHONEOS_DEPLOYMENT_TARGET = 14.2;
				MTL_ENABLE_DEBUG_INFO = NO;
				MTL_FAST_MATH = YES;
				SDKROOT = iphoneos;
				VALIDATE_PRODUCT = YES;
			};
			name = Release;
		};
		C8C6AD692570A66600895292 /* Debug */ = {
			isa = XCBuildConfiguration;
			buildSettings = {
				ASSETCATALOG_COMPILER_APPICON_NAME = AppIcon;
				ASSETCATALOG_COMPILER_GLOBAL_ACCENT_COLOR_NAME = AccentColor;
				CODE_SIGN_STYLE = Automatic;
				INFOPLIST_FILE = ColorMatching/App/Info.plist;
				LD_RUNPATH_SEARCH_PATHS = (
					"$(inherited)",
					"@executable_path/Frameworks",
				);
				PRODUCT_BUNDLE_IDENTIFIER = winter.ColorMatching;
				PRODUCT_NAME = "$(TARGET_NAME)";
				TARGETED_DEVICE_FAMILY = 1;
			};
			name = Debug;
		};
		C8C6AD6A2570A66600895292 /* Release */ = {
			isa = XCBuildConfiguration;
			buildSettings = {
				ASSETCATALOG_COMPILER_APPICON_NAME = AppIcon;
				ASSETCATALOG_COMPILER_GLOBAL_ACCENT_COLOR_NAME = AccentColor;
				CODE_SIGN_STYLE = Automatic;
				INFOPLIST_FILE = ColorMatching/App/Info.plist;
				LD_RUNPATH_SEARCH_PATHS = (
					"$(inherited)",
					"@executable_path/Frameworks",
				);
				PRODUCT_BUNDLE_IDENTIFIER = winter.ColorMatching;
				PRODUCT_NAME = "$(TARGET_NAME)";
				TARGETED_DEVICE_FAMILY = 1;
			};
			name = Release;
		};
/* End XCBuildConfiguration section */

/* Begin XCConfigurationList section */
		C8C6AD4A2570A66400895292 /* Build configuration list for PBXProject "ColorMatching" */ = {
			isa = XCConfigurationList;
			buildConfigurations = (
				C8C6AD662570A66600895292 /* Debug */,
				C8C6AD672570A66600895292 /* Release */,
			);
			defaultConfigurationIsVisible = 0;
			defaultConfigurationName = Release;
		};
		C8C6AD682570A66600895292 /* Build configuration list for PBXNativeTarget "ColorMatching" */ = {
			isa = XCConfigurationList;
			buildConfigurations = (
				C8C6AD692570A66600895292 /* Debug */,
				C8C6AD6A2570A66600895292 /* Release */,
			);
			defaultConfigurationIsVisible = 0;
			defaultConfigurationName = Release;
		};
/* End XCConfigurationList section */
	};
	rootObject = C8C6AD472570A66400895292 /* Project object */;
}
